<Solution>
  <Configurations>
    <Platform Name="x64" />
    <Platform Name="x86" />
  </Configurations>
  <Project Path="Addressbook_step5/Addressbook_step5.vcxproj" />
  <Project Path="Addressbook_step6/Addressbook_step6.vcxproj" />
  <Project Path="Addressbook_step7/Addressbook_step7.vcxproj" />
  <Project Path="Addressbook_step8/Addressbook_step8.vcxproj" />
</Solution>
