<Solution>
  <Configurations>
    <Platform Name="x64" />
    <Platform Name="x86" />
  </Configurations>
  <Project Path="Chap10-01-app/Chap10-01-app.vcxproj" />
  <Project Path="Chap10-02-app/Chap10-02-app.vcxproj" />
  <Project Path="ConsoleApplication1/ConsoleApplication1.vcxproj" />
</Solution>
